// !$*UTF8*$!
{
	archiveVersion = 1;
	classes = {
	};
	objectVersion = 56;
	objects = {

/* Begin PBXBuildFile section */
		38DA0CA12975353C00C1AF96 /* AppDelegate.swift in Sources */ = {isa = PBXBuildFile; fileRef = 38DA0CA02975353C00C1AF96 /* AppDelegate.swift */; };
		38DA0CA32975353C00C1AF96 /* SceneDelegate.swift in Sources */ = {isa = PBXBuildFile; fileRef = 38DA0CA22975353C00C1AF96 /* SceneDelegate.swift */; };
		38DA0CA52975353C00C1AF96 /* ViewController.swift in Sources */ = {isa = PBXBuildFile; fileRef = 38DA0CA42975353C00C1AF96 /* ViewController.swift */; };
		38DA0CA82975353C00C1AF96 /* Main.storyboard in Resources */ = {isa = PBXBuildFile; fileRef = 38DA0CA62975353C00C1AF96 /* Main.storyboard */; };
		38DA0CAA2975353D00C1AF96 /* Assets.xcassets in Resources */ = {isa = PBXBuildFile; fileRef = 38DA0CA92975353D00C1AF96 /* Assets.xcassets */; };
		38DA0CAD2975353D00C1AF96 /* LaunchScreen.storyboard in Resources */ = {isa = PBXBuildFile; fileRef = 38DA0CAB2975353D00C1AF96 /* LaunchScreen.storyboard */; };
		38DA0CB82975353E00C1AF96 /* GestureRecognizerAppTests.swift in Sources */ = {isa = PBXBuildFile; fileRef = 38DA0CB72975353E00C1AF96 /* GestureRecognizerAppTests.swift */; };
		38DA0CC22975353E00C1AF96 /* GestureRecognizerAppUITests.swift in Sources */ = {isa = PBXBuildFile; fileRef = 38DA0CC12975353E00C1AF96 /* GestureRecognizerAppUITests.swift */; };
		38DA0CC42975353E00C1AF96 /* GestureRecognizerAppUITestsLaunchTests.swift in Sources */ = {isa = PBXBuildFile; fileRef = 38DA0CC32975353E00C1AF96 /* GestureRecognizerAppUITestsLaunchTests.swift */; };
/* End PBXBuildFile section */

/* Begin PBXContainerItemProxy section */
		38DA0CB42975353E00C1AF96 /* PBXContainerItemProxy */ = {
			isa = PBXContainerItemProxy;
			containerPortal = 38DA0C952975353C00C1AF96 /* Project object */;
			proxyType = 1;
			remoteGlobalIDString = 38DA0C9C2975353C00C1AF96;
			remoteInfo = GestureRecognizerApp;
		};
		38DA0CBE2975353E00C1AF96 /* PBXContainerItemProxy */ = {
			isa = PBXContainerItemProxy;
			containerPortal = 38DA0C952975353C00C1AF96 /* Project object */;
			proxyType = 1;
			remoteGlobalIDString = 38DA0C9C2975353C00C1AF96;
			remoteInfo = GestureRecognizerApp;
		};
/* End PBXContainerItemProxy section */

/* Begin PBXFileReference section */
		38DA0C9D2975353C00C1AF96 /* GestureRecognizerApp.app */ = {isa = PBXFileReference; explicitFileType = wrapper.application; includeInIndex = 0; path = GestureRecognizerApp.app; sourceTree = BUILT_PRODUCTS_DIR; };
		38DA0CA02975353C00C1AF96 /* AppDelegate.swift */ = {isa = PBXFileReference; lastKnownFileType = sourcecode.swift; path = AppDelegate.swift; sourceTree = "<group>"; };
		38DA0CA22975353C00C1AF96 /* SceneDelegate.swift */ = {isa = PBXFileReference; lastKnownFileType = sourcecode.swift; path = SceneDelegate.swift; sourceTree = "<group>"; };
		38DA0CA42975353C00C1AF96 /* ViewController.swift */ = {isa = PBXFileReference; lastKnownFileType = sourcecode.swift; path = ViewController.swift; sourceTree = "<group>"; };
		38DA0CA72975353C00C1AF96 /* Base */ = {isa = PBXFileReference; lastKnownFileType = file.storyboard; name = Base; path = Base.lproj/Main.storyboard; sourceTree = "<group>"; };
		38DA0CA92975353D00C1AF96 /* Assets.xcassets */ = {isa = PBXFileReference; lastKnownFileType = folder.assetcatalog; path = Assets.xcassets; sourceTree = "<group>"; };
		38DA0CAC2975353D00C1AF96 /* Base */ = {isa = PBXFileReference; lastKnownFileType = file.storyboard; name = Base; path = Base.lproj/LaunchScreen.storyboard; sourceTree = "<group>"; };
		38DA0CAE2975353D00C1AF96 /* Info.plist */ = {isa = PBXFileReference; lastKnownFileType = text.plist.xml; path = Info.plist; sourceTree = "<group>"; };
		38DA0CB32975353E00C1AF96 /* GestureRecognizerAppTests.xctest */ = {isa = PBXFileReference; explicitFileType = wrapper.cfbundle; includeInIndex = 0; path = GestureRecognizerAppTests.xctest; sourceTree = BUILT_PRODUCTS_DIR; };
		38DA0CB72975353E00C1AF96 /* GestureRecognizerAppTests.swift */ = {isa = PBXFileReference; lastKnownFileType = sourcecode.swift; path = GestureRecognizerAppTests.swift; sourceTree = "<group>"; };
		38DA0CBD2975353E00C1AF96 /* GestureRecognizerAppUITests.xctest */ = {isa = PBXFileReference; explicitFileType = wrapper.cfbundle; includeInIndex = 0; path = GestureRecognizerAppUITests.xctest; sourceTree = BUILT_PRODUCTS_DIR; };
		38DA0CC12975353E00C1AF96 /* GestureRecognizerAppUITests.swift */ = {isa = PBXFileReference; lastKnownFileType = sourcecode.swift; path = GestureRecognizerAppUITests.swift; sourceTree = "<group>"; };
		38DA0CC32975353E00C1AF96 /* GestureRecognizerAppUITestsLaunchTests.swift */ = {isa = PBXFileReference; lastKnownFileType = sourcecode.swift; path = GestureRecognizerAppUITestsLaunchTests.swift; sourceTree = "<group>"; };
/* End PBXFileReference section */

/* Begin PBXFrameworksBuildPhase section */
		38DA0C9A2975353C00C1AF96 /* Frameworks */ = {
			isa = PBXFrameworksBuildPhase;
			buildActionMask = 2147483647;
			files = (
			);
			runOnlyForDeploymentPostprocessing = 0;
		};
		38DA0CB02975353E00C1AF96 /* Frameworks */ = {
			isa = PBXFrameworksBuildPhase;
			buildActionMask = 2147483647;
			files = (
			);
			runOnlyForDeploymentPostprocessing = 0;
		};
		38DA0CBA2975353E00C1AF96 /* Frameworks */ = {
			isa = PBXFrameworksBuildPhase;
			buildActionMask = 2147483647;
			files = (
			);
			runOnlyForDeploymentPostprocessing = 0;
		};
/* End PBXFrameworksBuildPhase section */

/* Begin PBXGroup section */
		38DA0C942975353C00C1AF96 = {
			isa = PBXGroup;
			children = (
				38DA0C9F2975353C00C1AF96 /* GestureRecognizerApp */,
				38DA0CB62975353E00C1AF96 /* GestureRecognizerAppTests */,
				38DA0CC02975353E00C1AF96 /* GestureRecognizerAppUITests */,
				38DA0C9E2975353C00C1AF96 /* Products */,
			);
			sourceTree = "<group>";
		};
		38DA0C9E2975353C00C1AF96 /* Products */ = {
			isa = PBXGroup;
			children = (
				38DA0C9D2975353C00C1AF96 /* GestureRecognizerApp.app */,
				38DA0CB32975353E00C1AF96 /* GestureRecognizerAppTests.xctest */,
				38DA0CBD2975353E00C1AF96 /* GestureRecognizerAppUITests.xctest */,
			);
			name = Products;
			sourceTree = "<group>";
		};
		38DA0C9F2975353C00C1AF96 /* GestureRecognizerApp */ = {
			isa = PBXGroup;
			children = (
				38DA0CA02975353C00C1AF96 /* AppDelegate.swift */,
				38DA0CA22975353C00C1AF96 /* SceneDelegate.swift */,
				38DA0CA42975353C00C1AF96 /* ViewController.swift */,
				38DA0CA62975353C00C1AF96 /* Main.storyboard */,
				38DA0CA92975353D00C1AF96 /* Assets.xcassets */,
				38DA0CAB2975353D00C1AF96 /* LaunchScreen.storyboard */,
				38DA0CAE2975353D00C1AF96 /* Info.plist */,
			);
			path = GestureRecognizerApp;
			sourceTree = "<group>";
		};
		38DA0CB62975353E00C1AF96 /* GestureRecognizerAppTests */ = {
			isa = PBXGroup;
			children = (
				38DA0CB72975353E00C1AF96 /* GestureRecognizerAppTests.swift */,
			);
			path = GestureRecognizerAppTests;
			sourceTree = "<group>";
		};
		38DA0CC02975353E00C1AF96 /* GestureRecognizerAppUITests */ = {
			isa = PBXGroup;
			children = (
				38DA0CC12975353E00C1AF96 /* GestureRecognizerAppUITests.swift */,
				38DA0CC32975353E00C1AF96 /* GestureRecognizerAppUITestsLaunchTests.swift */,
			);
			path = GestureRecognizerAppUITests;
			sourceTree = "<group>";
		};
/* End PBXGroup section */

/* Begin PBXNativeTarget section */
		38DA0C9C2975353C00C1AF96 /* GestureRecognizerApp */ = {
			isa = PBXNativeTarget;
			buildConfigurationList = 38DA0CC72975353E00C1AF96 /* Build configuration list for PBXNativeTarget "GestureRecognizerApp" */;
			buildPhases = (
				38DA0C992975353C00C1AF96 /* Sources */,
				38DA0C9A2975353C00C1AF96 /* Frameworks */,
				38DA0C9B2975353C00C1AF96 /* Resources */,
			);
			buildRules = (
			);
			dependencies = (
			);
			name = GestureRecognizerApp;
			productName = GestureRecognizerApp;
			productReference = 38DA0C9D2975353C00C1AF96 /* GestureRecognizerApp.app */;
			productType = "com.apple.product-type.application";
		};
		38DA0CB22975353E00C1AF96 /* GestureRecognizerAppTests */ = {
			isa = PBXNativeTarget;
			buildConfigurationList = 38DA0CCA2975353E00C1AF96 /* Build configuration list for PBXNativeTarget "GestureRecognizerAppTests" */;
			buildPhases = (
				38DA0CAF2975353E00C1AF96 /* Sources */,
				38DA0CB02975353E00C1AF96 /* Frameworks */,
				38DA0CB12975353E00C1AF96 /* Resources */,
			);
			buildRules = (
			);
			dependencies = (
				38DA0CB52975353E00C1AF96 /* PBXTargetDependency */,
			);
			name = GestureRecognizerAppTests;
			productName = GestureRecognizerAppTests;
			productReference = 38DA0CB32975353E00C1AF96 /* GestureRecognizerAppTests.xctest */;
			productType = "com.apple.product-type.bundle.unit-test";
		};
		38DA0CBC2975353E00C1AF96 /* GestureRecognizerAppUITests */ = {
			isa = PBXNativeTarget;
			buildConfigurationList = 38DA0CCD2975353E00C1AF96 /* Build configuration list for PBXNativeTarget "GestureRecognizerAppUITests" */;
			buildPhases = (
				38DA0CB92975353E00C1AF96 /* Sources */,
				38DA0CBA2975353E00C1AF96 /* Frameworks */,
				38DA0CBB2975353E00C1AF96 /* Resources */,
			);
			buildRules = (
			);
			dependencies = (
				38DA0CBF2975353E00C1AF96 /* PBXTargetDependency */,
			);
			name = GestureRecognizerAppUITests;
			productName = GestureRecognizerAppUITests;
			productReference = 38DA0CBD2975353E00C1AF96 /* GestureRecognizerAppUITests.xctest */;
			productType = "com.apple.product-type.bundle.ui-testing";
		};
/* End PBXNativeTarget section */

/* Begin PBXProject section */
		38DA0C952975353C00C1AF96 /* Project object */ = {
			isa = PBXProject;
			attributes = {
				BuildIndependentTargetsInParallel = 1;
				LastSwiftUpdateCheck = 1410;
				LastUpgradeCheck = 1410;
				TargetAttributes = {
					38DA0C9C2975353C00C1AF96 = {
						CreatedOnToolsVersion = 14.1;
					};
					38DA0CB22975353E00C1AF96 = {
						CreatedOnToolsVersion = 14.1;
						TestTargetID = 38DA0C9C2975353C00C1AF96;
					};
					38DA0CBC2975353E00C1AF96 = {
						CreatedOnToolsVersion = 14.1;
						TestTargetID = 38DA0C9C2975353C00C1AF96;
					};
				};
			};
			buildConfigurationList = 38DA0C982975353C00C1AF96 /* Build configuration list for PBXProject "GestureRecognizerApp" */;
			compatibilityVersion = "Xcode 14.0";
			developmentRegion = en;
			hasScannedForEncodings = 0;
			knownRegions = (
				en,
				Base,
			);
			mainGroup = 38DA0C942975353C00C1AF96;
			productRefGroup = 38DA0C9E2975353C00C1AF96 /* Products */;
			projectDirPath = "";
			projectRoot = "";
			targets = (
				38DA0C9C2975353C00C1AF96 /* GestureRecognizerApp */,
				38DA0CB22975353E00C1AF96 /* GestureRecognizerAppTests */,
				38DA0CBC2975353E00C1AF96 /* GestureRecognizerAppUITests */,
			);
		};
/* End PBXProject section */

/* Begin PBXResourcesBuildPhase section */
		38DA0C9B2975353C00C1AF96 /* Resources */ = {
			isa = PBXResourcesBuildPhase;
			buildActionMask = 2147483647;
			files = (
				38DA0CAD2975353D00C1AF96 /* LaunchScreen.storyboard in Resources */,
				38DA0CAA2975353D00C1AF96 /* Assets.xcassets in Resources */,
				38DA0CA82975353C00C1AF96 /* Main.storyboard in Resources */,
			);
			runOnlyForDeploymentPostprocessing = 0;
		};
		38DA0CB12975353E00C1AF96 /* Resources */ = {
			isa = PBXResourcesBuildPhase;
			buildActionMask = 2147483647;
			files = (
			);
			runOnlyForDeploymentPostprocessing = 0;
		};
		38DA0CBB2975353E00C1AF96 /* Resources */ = {
			isa = PBXResourcesBuildPhase;
			buildActionMask = 2147483647;
			files = (
			);
			runOnlyForDeploymentPostprocessing = 0;
		};
/* End PBXResourcesBuildPhase section */

/* Begin PBXSourcesBuildPhase section */
		38DA0C992975353C00C1AF96 /* Sources */ = {
			isa = PBXSourcesBuildPhase;
			buildActionMask = 2147483647;
			files = (
				38DA0CA52975353C00C1AF96 /* ViewController.swift in Sources */,
				38DA0CA12975353C00C1AF96 /* AppDelegate.swift in Sources */,
				38DA0CA32975353C00C1AF96 /* SceneDelegate.swift in Sources */,
			);
			runOnlyForDeploymentPostprocessing = 0;
		};
		38DA0CAF2975353E00C1AF96 /* Sources */ = {
			isa = PBXSourcesBuildPhase;
			buildActionMask = 2147483647;
			files = (
				38DA0CB82975353E00C1AF96 /* GestureRecognizerAppTests.swift in Sources */,
			);
			runOnlyForDeploymentPostprocessing = 0;
		};
		38DA0CB92975353E00C1AF96 /* Sources */ = {
			isa = PBXSourcesBuildPhase;
			buildActionMask = 2147483647;
			files = (
				38DA0CC42975353E00C1AF96 /* GestureRecognizerAppUITestsLaunchTests.swift in Sources */,
				38DA0CC22975353E00C1AF96 /* GestureRecognizerAppUITests.swift in Sources */,
			);
			runOnlyForDeploymentPostprocessing = 0;
		};
/* End PBXSourcesBuildPhase section */

/* Begin PBXTargetDependency section */
		38DA0CB52975353E00C1AF96 /* PBXTargetDependency */ = {
			isa = PBXTargetDependency;
			target = 38DA0C9C2975353C00C1AF96 /* GestureRecognizerApp */;
			targetProxy = 38DA0CB42975353E00C1AF96 /* PBXContainerItemProxy */;
		};
		38DA0CBF2975353E00C1AF96 /* PBXTargetDependency */ = {
			isa = PBXTargetDependency;
			target = 38DA0C9C2975353C00C1AF96 /* GestureRecognizerApp */;
			targetProxy = 38DA0CBE2975353E00C1AF96 /* PBXContainerItemProxy */;
		};
/* End PBXTargetDependency section */

/* Begin PBXVariantGroup section */
		38DA0CA62975353C00C1AF96 /* Main.storyboard */ = {
			isa = PBXVariantGroup;
			children = (
				38DA0CA72975353C00C1AF96 /* Base */,
			);
			name = Main.storyboard;
			sourceTree = "<group>";
		};
		38DA0CAB2975353D00C1AF96 /* LaunchScreen.storyboard */ = {
			isa = PBXVariantGroup;
			children = (
				38DA0CAC2975353D00C1AF96 /* Base */,
			);
			name = LaunchScreen.storyboard;
			sourceTree = "<group>";
		};
/* End PBXVariantGroup section */

/* Begin XCBuildConfiguration section */
		38DA0CC52975353E00C1AF96 /* Debug */ = {
			isa = XCBuildConfiguration;
			buildSettings = {
				ALWAYS_SEARCH_USER_PATHS = NO;
				CLANG_ANALYZER_NONNULL = YES;
				CLANG_ANALYZER_NUMBER_OBJECT_CONVERSION = YES_AGGRESSIVE;
				CLANG_CXX_LANGUAGE_STANDARD = "gnu++20";
				CLANG_ENABLE_MODULES = YES;
				CLANG_ENABLE_OBJC_ARC = YES;
				CLANG_ENABLE_OBJC_WEAK = YES;
				CLANG_WARN_BLOCK_CAPTURE_AUTORELEASING = YES;
				CLANG_WARN_BOOL_CONVERSION = YES;
				CLANG_WARN_COMMA = YES;
				CLANG_WARN_CONSTANT_CONVERSION = YES;
				CLANG_WARN_DEPRECATED_OBJC_IMPLEMENTATIONS = YES;
				CLANG_WARN_DIRECT_OBJC_ISA_USAGE = YES_ERROR;
				CLANG_WARN_DOCUMENTATION_COMMENTS = YES;
				CLANG_WARN_EMPTY_BODY = YES;
				CLANG_WARN_ENUM_CONVERSION = YES;
				CLANG_WARN_INFINITE_RECURSION = YES;
				CLANG_WARN_INT_CONVERSION = YES;
				CLANG_WARN_NON_LITERAL_NULL_CONVERSION = YES;
				CLANG_WARN_OBJC_IMPLICIT_RETAIN_SELF = YES;
				CLANG_WARN_OBJC_LITERAL_CONVERSION = YES;
				CLANG_WARN_OBJC_ROOT_CLASS = YES_ERROR;
				CLANG_WARN_QUOTED_INCLUDE_IN_FRAMEWORK_HEADER = YES;
				CLANG_WARN_RANGE_LOOP_ANALYSIS = YES;
				CLANG_WARN_STRICT_PROTOTYPES = YES;
				CLANG_WARN_SUSPICIOUS_MOVE = YES;
				CLANG_WARN_UNGUARDED_AVAILABILITY = YES_AGGRESSIVE;
				CLANG_WARN_UNREACHABLE_CODE = YES;
				CLANG_WARN__DUPLICATE_METHOD_MATCH = YES;
				COPY_PHASE_STRIP = NO;
				DEBUG_INFORMATION_FORMAT = dwarf;
				ENABLE_STRICT_OBJC_MSGSEND = YES;
				ENABLE_TESTABILITY = YES;
				GCC_C_LANGUAGE_STANDARD = gnu11;
				GCC_DYNAMIC_NO_PIC = NO;
				GCC_NO_COMMON_BLOCKS = YES;
				GCC_OPTIMIZATION_LEVEL = 0;
				GCC_PREPROCESSOR_DEFINITIONS = (
					"DEBUG=1",
					"$(inherited)",
				);
				GCC_WARN_64_TO_32_BIT_CONVERSION = YES;
				GCC_WARN_ABOUT_RETURN_TYPE = YES_ERROR;
				GCC_WARN_UNDECLARED_SELECTOR = YES;
				GCC_WARN_UNINITIALIZED_AUTOS = YES_AGGRESSIVE;
				GCC_WARN_UNUSED_FUNCTION = YES;
				GCC_WARN_UNUSED_VARIABLE = YES;
				IPHONEOS_DEPLOYMENT_TARGET = 16.1;
				MTL_ENABLE_DEBUG_INFO = INCLUDE_SOURCE;
				MTL_FAST_MATH = YES;
				ONLY_ACTIVE_ARCH = YES;
				SDKROOT = iphoneos;
				SWIFT_ACTIVE_COMPILATION_CONDITIONS = DEBUG;
				SWIFT_OPTIMIZATION_LEVEL = "-Onone";
			};
			name = Debug;
		};
		38DA0CC62975353E00C1AF96 /* Release */ = {
			isa = XCBuildConfiguration;
			buildSettings = {
				ALWAYS_SEARCH_USER_PATHS = NO;
				CLANG_ANALYZER_NONNULL = YES;
				CLANG_ANALYZER_NUMBER_OBJECT_CONVERSION = YES_AGGRESSIVE;
				CLANG_CXX_LANGUAGE_STANDARD = "gnu++20";
				CLANG_ENABLE_MODULES = YES;
				CLANG_ENABLE_OBJC_ARC = YES;
				CLANG_ENABLE_OBJC_WEAK = YES;
				CLANG_WARN_BLOCK_CAPTURE_AUTORELEASING = YES;
				CLANG_WARN_BOOL_CONVERSION = YES;
				CLANG_WARN_COMMA = YES;
				CLANG_WARN_CONSTANT_CONVERSION = YES;
				CLANG_WARN_DEPRECATED_OBJC_IMPLEMENTATIONS = YES;
				CLANG_WARN_DIRECT_OBJC_ISA_USAGE = YES_ERROR;
				CLANG_WARN_DOCUMENTATION_COMMENTS = YES;
				CLANG_WARN_EMPTY_BODY = YES;
				CLANG_WARN_ENUM_CONVERSION = YES;
				CLANG_WARN_INFINITE_RECURSION = YES;
				CLANG_WARN_INT_CONVERSION = YES;
				CLANG_WARN_NON_LITERAL_NULL_CONVERSION = YES;
				CLANG_WARN_OBJC_IMPLICIT_RETAIN_SELF = YES;
				CLANG_WARN_OBJC_LITERAL_CONVERSION = YES;
				CLANG_WARN_OBJC_ROOT_CLASS = YES_ERROR;
				CLANG_WARN_QUOTED_INCLUDE_IN_FRAMEWORK_HEADER = YES;
				CLANG_WARN_RANGE_LOOP_ANALYSIS = YES;
				CLANG_WARN_STRICT_PROTOTYPES = YES;
				CLANG_WARN_SUSPICIOUS_MOVE = YES;
				CLANG_WARN_UNGUARDED_AVAILABILITY = YES_AGGRESSIVE;
				CLANG_WARN_UNREACHABLE_CODE = YES;
				CLANG_WARN__DUPLICATE_METHOD_MATCH = YES;
				COPY_PHASE_STRIP = NO;
				DEBUG_INFORMATION_FORMAT = "dwarf-with-dsym";
				ENABLE_NS_ASSERTIONS = NO;
				ENABLE_STRICT_OBJC_MSGSEND = YES;
				GCC_C_LANGUAGE_STANDARD = gnu11;
				GCC_NO_COMMON_BLOCKS = YES;
				GCC_WARN_64_TO_32_BIT_CONVERSION = YES;
				GCC_WARN_ABOUT_RETURN_TYPE = YES_ERROR;
				GCC_WARN_UNDECLARED_SELECTOR = YES;
				GCC_WARN_UNINITIALIZED_AUTOS = YES_AGGRESSIVE;
				GCC_WARN_UNUSED_FUNCTION = YES;
				GCC_WARN_UNUSED_VARIABLE = YES;
				IPHONEOS_DEPLOYMENT_TARGET = 16.1;
				MTL_ENABLE_DEBUG_INFO = NO;
				MTL_FAST_MATH = YES;
				SDKROOT = iphoneos;
				SWIFT_COMPILATION_MODE = wholemodule;
				SWIFT_OPTIMIZATION_LEVEL = "-O";
				VALIDATE_PRODUCT = YES;
			};
			name = Release;
		};
		38DA0CC82975353E00C1AF96 /* Debug */ = {
			isa = XCBuildConfiguration;
			buildSettings = {
				ASSETCATALOG_COMPILER_APPICON_NAME = AppIcon;
				ASSETCATALOG_COMPILER_GLOBAL_ACCENT_COLOR_NAME = AccentColor;
				CODE_SIGN_STYLE = Automatic;
				CURRENT_PROJECT_VERSION = 1;
				DEVELOPMENT_TEAM = Y75CGNV7LK;
				GENERATE_INFOPLIST_FILE = YES;
				INFOPLIST_FILE = GestureRecognizerApp/Info.plist;
				INFOPLIST_KEY_UIApplicationSupportsIndirectInputEvents = YES;
				INFOPLIST_KEY_UILaunchStoryboardName = LaunchScreen;
				INFOPLIST_KEY_UIMainStoryboardFile = Main;
				INFOPLIST_KEY_UISupportedInterfaceOrientations_iPad = "UIInterfaceOrientationPortrait UIInterfaceOrientationPortraitUpsideDown UIInterfaceOrientationLandscapeLeft UIInterfaceOrientationLandscapeRight";
				INFOPLIST_KEY_UISupportedInterfaceOrientations_iPhone = "UIInterfaceOrientationPortrait UIInterfaceOrientationLandscapeLeft UIInterfaceOrientationLandscapeRight";
				LD_RUNPATH_SEARCH_PATHS = (
					"$(inherited)",
					"@executable_path/Frameworks",
				);
				MARKETING_VERSION = 1.0;
				PRODUCT_BUNDLE_IDENTIFIER = com.agah.GestureRecognizerApp;
				PRODUCT_NAME = "$(TARGET_NAME)";
				SWIFT_EMIT_LOC_STRINGS = YES;
				SWIFT_VERSION = 5.0;
				TARGETED_DEVICE_FAMILY = "1,2";
			};
			name = Debug;
		};
		38DA0CC92975353E00C1AF96 /* Release */ = {
			isa = XCBuildConfiguration;
			buildSettings = {
				ASSETCATALOG_COMPILER_APPICON_NAME = AppIcon;
				ASSETCATALOG_COMPILER_GLOBAL_ACCENT_COLOR_NAME = AccentColor;
				CODE_SIGN_STYLE = Automatic;
				CURRENT_PROJECT_VERSION = 1;
				DEVELOPMENT_TEAM = Y75CGNV7LK;
				GENERATE_INFOPLIST_FILE = YES;
				INFOPLIST_FILE = GestureRecognizerApp/Info.plist;
				INFOPLIST_KEY_UIApplicationSupportsIndirectInputEvents = YES;
				INFOPLIST_KEY_UILaunchStoryboardName = LaunchScreen;
				INFOPLIST_KEY_UIMainStoryboardFile = Main;
				INFOPLIST_KEY_UISupportedInterfaceOrientations_iPad = "UIInterfaceOrientationPortrait UIInterfaceOrientationPortraitUpsideDown UIInterfaceOrientationLandscapeLeft UIInterfaceOrientationLandscapeRight";
				INFOPLIST_KEY_UISupportedInterfaceOrientations_iPhone = "UIInterfaceOrientationPortrait UIInterfaceOrientationLandscapeLeft UIInterfaceOrientationLandscapeRight";
				LD_RUNPATH_SEARCH_PATHS = (
					"$(inherited)",
					"@executable_path/Frameworks",
				);
				MARKETING_VERSION = 1.0;
				PRODUCT_BUNDLE_IDENTIFIER = com.agah.GestureRecognizerApp;
				PRODUCT_NAME = "$(TARGET_NAME)";
				SWIFT_EMIT_LOC_STRINGS = YES;
				SWIFT_VERSION = 5.0;
				TARGETED_DEVICE_FAMILY = "1,2";
			};
			name = Release;
		};
		38DA0CCB2975353E00C1AF96 /* Debug */ = {
			isa = XCBuildConfiguration;
			buildSettings = {
				ALWAYS_EMBED_SWIFT_STANDARD_LIBRARIES = YES;
				BUNDLE_LOADER = "$(TEST_HOST)";
				CODE_SIGN_STYLE = Automatic;
				CURRENT_PROJECT_VERSION = 1;
				DEVELOPMENT_TEAM = Y75CGNV7LK;
				GENERATE_INFOPLIST_FILE = YES;
				IPHONEOS_DEPLOYMENT_TARGET = 16.1;
				MARKETING_VERSION = 1.0;
				PRODUCT_BUNDLE_IDENTIFIER = com.agah.GestureRecognizerAppTests;
				PRODUCT_NAME = "$(TARGET_NAME)";
				SWIFT_EMIT_LOC_STRINGS = NO;
				SWIFT_VERSION = 5.0;
				TARGETED_DEVICE_FAMILY = "1,2";
				TEST_HOST = "$(BUILT_PRODUCTS_DIR)/GestureRecognizerApp.app/$(BUNDLE_EXECUTABLE_FOLDER_PATH)/GestureRecognizerApp";
			};
			name = Debug;
		};
		38DA0CCC2975353E00C1AF96 /* Release */ = {
			isa = XCBuildConfiguration;
			buildSettings = {
				ALWAYS_EMBED_SWIFT_STANDARD_LIBRARIES = YES;
				BUNDLE_LOADER = "$(TEST_HOST)";
				CODE_SIGN_STYLE = Automatic;
				CURRENT_PROJECT_VERSION = 1;
				DEVELOPMENT_TEAM = Y75CGNV7LK;
				GENERATE_INFOPLIST_FILE = YES;
				IPHONEOS_DEPLOYMENT_TARGET = 16.1;
				MARKETING_VERSION = 1.0;
				PRODUCT_BUNDLE_IDENTIFIER = com.agah.GestureRecognizerAppTests;
				PRODUCT_NAME = "$(TARGET_NAME)";
				SWIFT_EMIT_LOC_STRINGS = NO;
				SWIFT_VERSION = 5.0;
				TARGETED_DEVICE_FAMILY = "1,2";
				TEST_HOST = "$(BUILT_PRODUCTS_DIR)/GestureRecognizerApp.app/$(BUNDLE_EXECUTABLE_FOLDER_PATH)/GestureRecognizerApp";
			};
			name = Release;
		};
		38DA0CCE2975353E00C1AF96 /* Debug */ = {
			isa = XCBuildConfiguration;
			buildSettings = {
				ALWAYS_EMBED_SWIFT_STANDARD_LIBRARIES = YES;
				CODE_SIGN_STYLE = Automatic;
				CURRENT_PROJECT_VERSION = 1;
				DEVELOPMENT_TEAM = Y75CGNV7LK;
				GENERATE_INFOPLIST_FILE = YES;
				MARKETING_VERSION = 1.0;
				PRODUCT_BUNDLE_IDENTIFIER = com.agah.GestureRecognizerAppUITests;
				PRODUCT_NAME = "$(TARGET_NAME)";
				SWIFT_EMIT_LOC_STRINGS = NO;
				SWIFT_VERSION = 5.0;
				TARGETED_DEVICE_FAMILY = "1,2";
				TEST_TARGET_NAME = GestureRecognizerApp;
			};
			name = Debug;
		};
		38DA0CCF2975353E00C1AF96 /* Release */ = {
			isa = XCBuildConfiguration;
			buildSettings = {
				ALWAYS_EMBED_SWIFT_STANDARD_LIBRARIES = YES;
				CODE_SIGN_STYLE = Automatic;
				CURRENT_PROJECT_VERSION = 1;
				DEVELOPMENT_TEAM = Y75CGNV7LK;
				GENERATE_INFOPLIST_FILE = YES;
				MARKETING_VERSION = 1.0;
				PRODUCT_BUNDLE_IDENTIFIER = com.agah.GestureRecognizerAppUITests;
				PRODUCT_NAME = "$(TARGET_NAME)";
				SWIFT_EMIT_LOC_STRINGS = NO;
				SWIFT_VERSION = 5.0;
				TARGETED_DEVICE_FAMILY = "1,2";
				TEST_TARGET_NAME = GestureRecognizerApp;
			};
			name = Release;
		};
/* End XCBuildConfiguration section */

/* Begin XCConfigurationList section */
		38DA0C982975353C00C1AF96 /* Build configuration list for PBXProject "GestureRecognizerApp" */ = {
			isa = XCConfigurationList;
			buildConfigurations = (
				38DA0CC52975353E00C1AF96 /* Debug */,
				38DA0CC62975353E00C1AF96 /* Release */,
			);
			defaultConfigurationIsVisible = 0;
			defaultConfigurationName = Release;
		};
		38DA0CC72975353E00C1AF96 /* Build configuration list for PBXNativeTarget "GestureRecognizerApp" */ = {
			isa = XCConfigurationList;
			buildConfigurations = (
				38DA0CC82975353E00C1AF96 /* Debug */,
				38DA0CC92975353E00C1AF96 /* Release */,
			);
			defaultConfigurationIsVisible = 0;
			defaultConfigurationName = Release;
		};
		38DA0CCA2975353E00C1AF96 /* Build configuration list for PBXNativeTarget "GestureRecognizerAppTests" */ = {
			isa = XCConfigurationList;
			buildConfigurations = (
				38DA0CCB2975353E00C1AF96 /* Debug */,
				38DA0CCC2975353E00C1AF96 /* Release */,
			);
			defaultConfigurationIsVisible = 0;
			defaultConfigurationName = Release;
		};
		38DA0CCD2975353E00C1AF96 /* Build configuration list for PBXNativeTarget "GestureRecognizerAppUITests" */ = {
			isa = XCConfigurationList;
			buildConfigurations = (
				38DA0CCE2975353E00C1AF96 /* Debug */,
				38DA0CCF2975353E00C1AF96 /* Release */,
			);
			defaultConfigurationIsVisible = 0;
			defaultConfigurationName = Release;
		};
/* End XCConfigurationList section */
	};
	rootObject = 38DA0C952975353C00C1AF96 /* Project object */;
}
